
Microsoft Visual Studio Solution File, Format Version 12.00
# Visual Studio Version 16
VisualStudioVersion = 16.0.33130.400
MinimumVisualStudioVersion = 10.0.40219.1
Project("{FAE04EC0-301F-11D3-BF4B-00C04F79EFBC}") = "RegisterProtocol", "RegisterProtocol\RegisterProtocol.csproj", "{699EA75D-2AEB-4F6E-9E07-711BFBDDC5BD}"
EndProject
Global
	GlobalSection(SolutionConfigurationPlatforms) = preSolution
		Debug|Any CPU = Debug|Any CPU
		Release|Any CPU = Release|Any CPU
	EndGlobalSection
	GlobalSection(ProjectConfigurationPlatforms) = postSolution
		{699EA75D-2AEB-4F6E-9E07-711BFBDDC5BD}.Debug|Any CPU.ActiveCfg = Release|Any CPU
		{699EA75D-2AEB-4F6E-9E07-711BFBDDC5BD}.Debug|Any CPU.Build.0 = Release|Any CPU
		{699EA75D-2AEB-4F6E-9E07-711BFBDDC5BD}.Release|Any CPU.ActiveCfg = Release|Any CPU
		{699EA75D-2AEB-4F6E-9E07-711BFBDDC5BD}.Release|Any CPU.Build.0 = Release|Any CPU
	EndGlobalSection
	GlobalSection(SolutionProperties) = preSolution
		HideSolutionNode = FALSE
	EndGlobalSection
	GlobalSection(ExtensibilityGlobals) = postSolution
		SolutionGuid = {B088D00B-E9F9-45F6-BA2E-4AEC2672C12B}
	EndGlobalSection
EndGlobal
